
Microsoft Visual Studio Solution File, Format Version 12.00
# Visual Studio Version 16
VisualStudioVersion = 16.0.30011.22
MinimumVisualStudioVersion = 10.0.40219.1
Project("{FAE04EC0-301F-11D3-BF4B-00C04F79EFBC}") = "JwtAuth.WebApi", "JwtAuth.WebApi\JwtAuth.WebApi.csproj", "{7DF2FD21-7433-4682-9DA5-5A459092C617}"
EndProject
Project("{FAE04EC0-301F-11D3-BF4B-00C04F79EFBC}") = "JwtAuth.Domain", "JwtAuth.Domain\JwtAuth.Domain.csproj", "{CB6F1CCC-7FB9-4FD1-8E29-50794911A2F4}"
EndProject
Project("{FAE04EC0-301F-11D3-BF4B-00C04F79EFBC}") = "JwtAuth.Repository", "JwtAuth.Repository\JwtAuth.Repository.csproj", "{A616EF0D-E3C0-47AB-9999-A16486885B95}"
EndProject
Project("{FAE04EC0-301F-11D3-BF4B-00C04F79EFBC}") = "JwtAuth.Services", "JwtAuth.Services\JwtAuth.Services.csproj", "{595CD25D-5798-43D3-AB1B-47155A44B245}"
EndProject
Global
	GlobalSection(SolutionConfigurationPlatforms) = preSolution
		Debug|Any CPU = Debug|Any CPU
		Release|Any CPU = Release|Any CPU
	EndGlobalSection
	GlobalSection(ProjectConfigurationPlatforms) = postSolution
		{7DF2FD21-7433-4682-9DA5-5A459092C617}.Debug|Any CPU.ActiveCfg = Debug|Any CPU
		{7DF2FD21-7433-4682-9DA5-5A459092C617}.Debug|Any CPU.Build.0 = Debug|Any CPU
		{7DF2FD21-7433-4682-9DA5-5A459092C617}.Release|Any CPU.ActiveCfg = Release|Any CPU
		{7DF2FD21-7433-4682-9DA5-5A459092C617}.Release|Any CPU.Build.0 = Release|Any CPU
		{CB6F1CCC-7FB9-4FD1-8E29-50794911A2F4}.Debug|Any CPU.ActiveCfg = Debug|Any CPU
		{CB6F1CCC-7FB9-4FD1-8E29-50794911A2F4}.Debug|Any CPU.Build.0 = Debug|Any CPU
		{CB6F1CCC-7FB9-4FD1-8E29-50794911A2F4}.Release|Any CPU.ActiveCfg = Release|Any CPU
		{CB6F1CCC-7FB9-4FD1-8E29-50794911A2F4}.Release|Any CPU.Build.0 = Release|Any CPU
		{A616EF0D-E3C0-47AB-9999-A16486885B95}.Debug|Any CPU.ActiveCfg = Debug|Any CPU
		{A616EF0D-E3C0-47AB-9999-A16486885B95}.Debug|Any CPU.Build.0 = Debug|Any CPU
		{A616EF0D-E3C0-47AB-9999-A16486885B95}.Release|Any CPU.ActiveCfg = Release|Any CPU
		{A616EF0D-E3C0-47AB-9999-A16486885B95}.Release|Any CPU.Build.0 = Release|Any CPU
		{595CD25D-5798-43D3-AB1B-47155A44B245}.Debug|Any CPU.ActiveCfg = Debug|Any CPU
		{595CD25D-5798-43D3-AB1B-47155A44B245}.Debug|Any CPU.Build.0 = Debug|Any CPU
		{595CD25D-5798-43D3-AB1B-47155A44B245}.Release|Any CPU.ActiveCfg = Release|Any CPU
		{595CD25D-5798-43D3-AB1B-47155A44B245}.Release|Any CPU.Build.0 = Release|Any CPU
	EndGlobalSection
	GlobalSection(SolutionProperties) = preSolution
		HideSolutionNode = FALSE
	EndGlobalSection
	GlobalSection(ExtensibilityGlobals) = postSolution
		SolutionGuid = {D5B896D3-8AB8-4745-9833-021F53E613D5}
	EndGlobalSection
EndGlobal
